
Microsoft Visual Studio Solution File, Format Version 12.00
# Visual Studio Version 16
VisualStudioVersion = 16.0.32002.261
MinimumVisualStudioVersion = 10.0.40219.1
Project("{FAE04EC0-301F-11D3-BF4B-00C04F79EFBC}") = "DSLTD", "DSLTD\DSLTD.csproj", "{0144BCA8-BEEE-4445-B3BE-F50BF9CD7B4C}"
EndProject
Global
	GlobalSection(SolutionConfigurationPlatforms) = preSolution
		Debug|Any CPU = Debug|Any CPU
		Release|Any CPU = Release|Any CPU
	EndGlobalSection
	GlobalSection(ProjectConfigurationPlatforms) = postSolution
		{0144BCA8-BEEE-4445-B3BE-F50BF9CD7B4C}.Debug|Any CPU.ActiveCfg = Debug|Any CPU
		{0144BCA8-BEEE-4445-B3BE-F50BF9CD7B4C}.Debug|Any CPU.Build.0 = Debug|Any CPU
		{0144BCA8-BEEE-4445-B3BE-F50BF9CD7B4C}.Release|Any CPU.ActiveCfg = Release|Any CPU
		{0144BCA8-BEEE-4445-B3BE-F50BF9CD7B4C}.Release|Any CPU.Build.0 = Release|Any CPU
	EndGlobalSection
	GlobalSection(SolutionProperties) = preSolution
		HideSolutionNode = FALSE
	EndGlobalSection
	GlobalSection(ExtensibilityGlobals) = postSolution
		SolutionGuid = {C80D0187-1497-49C0-A8C9-DBD610168112}
	EndGlobalSection
EndGlobal
